
Microsoft Visual Studio Solution File, Format Version 12.00
# Visual Studio 14
VisualStudioVersion = 14.0.23107.0
MinimumVisualStudioVersion = 10.0.40219.1
Project("{FAE04EC0-301F-11D3-BF4B-00C04F79EFBC}") = "EuclidAlgoLogik", "EuclidAlgoLogik\EuclidAlgoLogik.csproj", "{5340FDEC-9036-4F48-BDBA-9780F04DD458}"
EndProject
Project("{FAE04EC0-301F-11D3-BF4B-00C04F79EFBC}") = "EuclidAlgoLogik.Tests", "EuclidAlgoLogik.Tests\EuclidAlgoLogik.Tests.csproj", "{23DAFC65-58BF-4715-AAA9-BCE5D92928DF}"
EndProject
Global
	GlobalSection(SolutionConfigurationPlatforms) = preSolution
		Debug|Any CPU = Debug|Any CPU
		Release|Any CPU = Release|Any CPU
	EndGlobalSection
	GlobalSection(ProjectConfigurationPlatforms) = postSolution
		{5340FDEC-9036-4F48-BDBA-9780F04DD458}.Debug|Any CPU.ActiveCfg = Debug|Any CPU
		{5340FDEC-9036-4F48-BDBA-9780F04DD458}.Debug|Any CPU.Build.0 = Debug|Any CPU
		{5340FDEC-9036-4F48-BDBA-9780F04DD458}.Release|Any CPU.ActiveCfg = Release|Any CPU
		{5340FDEC-9036-4F48-BDBA-9780F04DD458}.Release|Any CPU.Build.0 = Release|Any CPU
		{23DAFC65-58BF-4715-AAA9-BCE5D92928DF}.Debug|Any CPU.ActiveCfg = Debug|Any CPU
		{23DAFC65-58BF-4715-AAA9-BCE5D92928DF}.Debug|Any CPU.Build.0 = Debug|Any CPU
		{23DAFC65-58BF-4715-AAA9-BCE5D92928DF}.Release|Any CPU.ActiveCfg = Release|Any CPU
		{23DAFC65-58BF-4715-AAA9-BCE5D92928DF}.Release|Any CPU.Build.0 = Release|Any CPU
	EndGlobalSection
	GlobalSection(SolutionProperties) = preSolution
		HideSolutionNode = FALSE
	EndGlobalSection
EndGlobal
